
Microsoft Visual Studio Solution File, Format Version 12.00
# Visual Studio 14
VisualStudioVersion = 14.0.25420.1
MinimumVisualStudioVersion = 10.0.40219.1
Project("{FAE04EC0-301F-11D3-BF4B-00C04F79EFBC}") = "CRUDAtrributeTest", "CRUDAtrributeTest\CRUDAtrributeTest.csproj", "{9D4E41E9-52EB-4BBC-BD53-D67D174C8FC8}"
	ProjectSection(ProjectDependencies) = postProject
		{F8825954-DB02-44A1-A723-5E8E2BC90C45} = {F8825954-DB02-44A1-A723-5E8E2BC90C45}
	EndProjectSection
EndProject
Project("{FAE04EC0-301F-11D3-BF4B-00C04F79EFBC}") = "CRUDAttribute", "CRUDAttribute\CRUDAttribute.csproj", "{F8825954-DB02-44A1-A723-5E8E2BC90C45}"
EndProject
Global
	GlobalSection(SolutionConfigurationPlatforms) = preSolution
		Debug|Any CPU = Debug|Any CPU
		Release|Any CPU = Release|Any CPU
	EndGlobalSection
	GlobalSection(ProjectConfigurationPlatforms) = postSolution
		{9D4E41E9-52EB-4BBC-BD53-D67D174C8FC8}.Debug|Any CPU.ActiveCfg = Debug|Any CPU
		{9D4E41E9-52EB-4BBC-BD53-D67D174C8FC8}.Debug|Any CPU.Build.0 = Debug|Any CPU
		{9D4E41E9-52EB-4BBC-BD53-D67D174C8FC8}.Release|Any CPU.ActiveCfg = Release|Any CPU
		{9D4E41E9-52EB-4BBC-BD53-D67D174C8FC8}.Release|Any CPU.Build.0 = Release|Any CPU
		{F8825954-DB02-44A1-A723-5E8E2BC90C45}.Debug|Any CPU.ActiveCfg = Debug|Any CPU
		{F8825954-DB02-44A1-A723-5E8E2BC90C45}.Debug|Any CPU.Build.0 = Debug|Any CPU
		{F8825954-DB02-44A1-A723-5E8E2BC90C45}.Release|Any CPU.ActiveCfg = Release|Any CPU
		{F8825954-DB02-44A1-A723-5E8E2BC90C45}.Release|Any CPU.Build.0 = Release|Any CPU
	EndGlobalSection
	GlobalSection(SolutionProperties) = preSolution
		HideSolutionNode = FALSE
	EndGlobalSection
EndGlobal
